
Microsoft Visual Studio Solution File, Format Version 12.00
# Visual Studio Version 17
VisualStudioVersion = 17.6.33723.286
MinimumVisualStudioVersion = 10.0.40219.1
Project("{FAE04EC0-301F-11D3-BF4B-00C04F79EFBC}") = "QuizFileParser", "QuizFileParser\QuizFileParser.csproj", "{E800F276-17B3-4ABE-B3E9-66B0028BEDFB}"
EndProject
Global
	GlobalSection(SolutionConfigurationPlatforms) = preSolution
		Debug|Any CPU = Debug|Any CPU
		Release|Any CPU = Release|Any CPU
	EndGlobalSection
	GlobalSection(ProjectConfigurationPlatforms) = postSolution
		{E800F276-17B3-4ABE-B3E9-66B0028BEDFB}.Debug|Any CPU.ActiveCfg = Debug|Any CPU
		{E800F276-17B3-4ABE-B3E9-66B0028BEDFB}.Debug|Any CPU.Build.0 = Debug|Any CPU
		{E800F276-17B3-4ABE-B3E9-66B0028BEDFB}.Release|Any CPU.ActiveCfg = Release|Any CPU
		{E800F276-17B3-4ABE-B3E9-66B0028BEDFB}.Release|Any CPU.Build.0 = Release|Any CPU
	EndGlobalSection
	GlobalSection(SolutionProperties) = preSolution
		HideSolutionNode = FALSE
	EndGlobalSection
	GlobalSection(ExtensibilityGlobals) = postSolution
		SolutionGuid = {52264E10-241A-46AC-9387-E19CDC500DA4}
	EndGlobalSection
EndGlobal
